// !$*UTF8*$!
{
	archiveVersion = 1;
	classes = {
	};
	objectVersion = 50;
	objects = {

/* Begin PBXBuildFile section */
		08D4C3050A0E213D3BF7403E /* Pods_5Restaurant_project_Tests.framework in Frameworks */ = {isa = PBXBuildFile; fileRef = 66206886FE3BCAB400B33BCD /* Pods_5Restaurant_project_Tests.framework */; };
		2A0E1BD0256FF94E00CC4A80 /* SceneDelegate.swift in Sources */ = {isa = PBXBuildFile; fileRef = 2A0E1BCF256FF94E00CC4A80 /* SceneDelegate.swift */; };
		2A119981256CF275007D8DB9 /* MenuItemDetailViewController.swift in Sources */ = {isa = PBXBuildFile; fileRef = 2A119980256CF275007D8DB9 /* MenuItemDetailViewController.swift */; };
		2A119992256E5BC4007D8DB9 /* Main.storyboard in Resources */ = {isa = PBXBuildFile; fileRef = 2A119991256E5BC4007D8DB9 /* Main.storyboard */; };
		2A1602582570D80F00A49EA6 /* OrderConfirmationViewController.swift in Sources */ = {isa = PBXBuildFile; fileRef = 2A1602572570D80F00A49EA6 /* OrderConfirmationViewController.swift */; };
		2A99BF6025664F7B008036BB /* AppDelegate.swift in Sources */ = {isa = PBXBuildFile; fileRef = 2A99BF5F25664F7B008036BB /* AppDelegate.swift */; };
		2A99BF6425664F7B008036BB /* ViewController.swift in Sources */ = {isa = PBXBuildFile; fileRef = 2A99BF6325664F7B008036BB /* ViewController.swift */; };
		2A99BF6925664F7C008036BB /* Assets.xcassets in Resources */ = {isa = PBXBuildFile; fileRef = 2A99BF6825664F7C008036BB /* Assets.xcassets */; };
		2A99BF6C25664F7C008036BB /* LaunchScreen.storyboard in Resources */ = {isa = PBXBuildFile; fileRef = 2A99BF6A25664F7C008036BB /* LaunchScreen.storyboard */; };
		2A99BF7725664F7D008036BB /* _Restaurant_project_Tests.swift in Sources */ = {isa = PBXBuildFile; fileRef = 2A99BF7625664F7D008036BB /* _Restaurant_project_Tests.swift */; };
		2A99BF8225664F7D008036BB /* _Restaurant_project_UITests.swift in Sources */ = {isa = PBXBuildFile; fileRef = 2A99BF8125664F7D008036BB /* _Restaurant_project_UITests.swift */; };
		2A99BF932566908B008036BB /* CategoryTableViewController.swift in Sources */ = {isa = PBXBuildFile; fileRef = 2A99BF922566908B008036BB /* CategoryTableViewController.swift */; };
		2A99BF9825669123008036BB /* MenuTableViewController.swift in Sources */ = {isa = PBXBuildFile; fileRef = 2A99BF9725669123008036BB /* MenuTableViewController.swift */; };
		2A99BF9D25669150008036BB /* OrderTableViewController.swift in Sources */ = {isa = PBXBuildFile; fileRef = 2A99BF9C25669150008036BB /* OrderTableViewController.swift */; };
		2A99BFA72566B987008036BB /* MenuItem.swift in Sources */ = {isa = PBXBuildFile; fileRef = 2A99BFA62566B987008036BB /* MenuItem.swift */; };
		2A99BFAC25675A24008036BB /* IntermediaryModels.swift in Sources */ = {isa = PBXBuildFile; fileRef = 2A99BFAB25675A24008036BB /* IntermediaryModels.swift */; };
		2A99BFB125675F13008036BB /* Order.swift in Sources */ = {isa = PBXBuildFile; fileRef = 2A99BFB025675F13008036BB /* Order.swift */; };
		2A99BFB625676388008036BB /* MenuController.swift in Sources */ = {isa = PBXBuildFile; fileRef = 2A99BFB525676388008036BB /* MenuController.swift */; };
		4EFAFBF4CEAA92F1AC1633D7 /* Pods_5Restaurant_project__5Restaurant_project_UITests.framework in Frameworks */ = {isa = PBXBuildFile; fileRef = 5F62DCA731A84BC22BEBEA50 /* Pods_5Restaurant_project__5Restaurant_project_UITests.framework */; };
		5750229EFD8BE644BCDC2E27 /* Pods_5Restaurant_project_.framework in Frameworks */ = {isa = PBXBuildFile; fileRef = E0BB4B96F098A117A37C41B7 /* Pods_5Restaurant_project_.framework */; };
/* End PBXBuildFile section */

/* Begin PBXContainerItemProxy section */
		2A99BF7325664F7D008036BB /* PBXContainerItemProxy */ = {
			isa = PBXContainerItemProxy;
			containerPortal = 2A99BF5425664F7B008036BB /* Project object */;
			proxyType = 1;
			remoteGlobalIDString = 2A99BF5B25664F7B008036BB;
			remoteInfo = "5Restaurant-project-";
		};
		2A99BF7E25664F7D008036BB /* PBXContainerItemProxy */ = {
			isa = PBXContainerItemProxy;
			containerPortal = 2A99BF5425664F7B008036BB /* Project object */;
			proxyType = 1;
			remoteGlobalIDString = 2A99BF5B25664F7B008036BB;
			remoteInfo = "5Restaurant-project-";
		};
/* End PBXContainerItemProxy section */

/* Begin PBXFileReference section */
		2A0E1BCF256FF94E00CC4A80 /* SceneDelegate.swift */ = {isa = PBXFileReference; fileEncoding = 4; lastKnownFileType = sourcecode.swift; name = SceneDelegate.swift; path = "../../../../Downloads/5Restaurant-project--main 2/5Restaurant-project-/SceneDelegate.swift"; sourceTree = "<group>"; };
		2A119980256CF275007D8DB9 /* MenuItemDetailViewController.swift */ = {isa = PBXFileReference; lastKnownFileType = sourcecode.swift; path = MenuItemDetailViewController.swift; sourceTree = "<group>"; };
		2A119991256E5BC4007D8DB9 /* Main.storyboard */ = {isa = PBXFileReference; fileEncoding = 4; lastKnownFileType = file.storyboard; path = Main.storyboard; sourceTree = "<group>"; };
		2A1602572570D80F00A49EA6 /* OrderConfirmationViewController.swift */ = {isa = PBXFileReference; lastKnownFileType = sourcecode.swift; path = OrderConfirmationViewController.swift; sourceTree = "<group>"; };
		2A99BF5C25664F7B008036BB /* 5Restaurant-project-.app */ = {isa = PBXFileReference; explicitFileType = wrapper.application; includeInIndex = 0; path = "5Restaurant-project-.app"; sourceTree = BUILT_PRODUCTS_DIR; };
		2A99BF5F25664F7B008036BB /* AppDelegate.swift */ = {isa = PBXFileReference; lastKnownFileType = sourcecode.swift; path = AppDelegate.swift; sourceTree = "<group>"; };
		2A99BF6325664F7B008036BB /* ViewController.swift */ = {isa = PBXFileReference; lastKnownFileType = sourcecode.swift; path = ViewController.swift; sourceTree = "<group>"; };
		2A99BF6825664F7C008036BB /* Assets.xcassets */ = {isa = PBXFileReference; lastKnownFileType = folder.assetcatalog; path = Assets.xcassets; sourceTree = "<group>"; };
		2A99BF6B25664F7C008036BB /* Base */ = {isa = PBXFileReference; lastKnownFileType = file.storyboard; name = Base; path = Base.lproj/LaunchScreen.storyboard; sourceTree = "<group>"; };
		2A99BF6D25664F7C008036BB /* Info.plist */ = {isa = PBXFileReference; lastKnownFileType = text.plist.xml; path = Info.plist; sourceTree = "<group>"; };
		2A99BF7225664F7D008036BB /* 5Restaurant-project-Tests.xctest */ = {isa = PBXFileReference; explicitFileType = wrapper.cfbundle; includeInIndex = 0; path = "5Restaurant-project-Tests.xctest"; sourceTree = BUILT_PRODUCTS_DIR; };
		2A99BF7625664F7D008036BB /* _Restaurant_project_Tests.swift */ = {isa = PBXFileReference; lastKnownFileType = sourcecode.swift; path = _Restaurant_project_Tests.swift; sourceTree = "<group>"; };
		2A99BF7825664F7D008036BB /* Info.plist */ = {isa = PBXFileReference; lastKnownFileType = text.plist.xml; path = Info.plist; sourceTree = "<group>"; };
		2A99BF7D25664F7D008036BB /* 5Restaurant-project-UITests.xctest */ = {isa = PBXFileReference; explicitFileType = wrapper.cfbundle; includeInIndex = 0; path = "5Restaurant-project-UITests.xctest"; sourceTree = BUILT_PRODUCTS_DIR; };
		2A99BF8125664F7D008036BB /* _Restaurant_project_UITests.swift */ = {isa = PBXFileReference; lastKnownFileType = sourcecode.swift; path = _Restaurant_project_UITests.swift; sourceTree = "<group>"; };
		2A99BF8325664F7D008036BB /* Info.plist */ = {isa = PBXFileReference; lastKnownFileType = text.plist.xml; path = Info.plist; sourceTree = "<group>"; };
		2A99BF922566908B008036BB /* CategoryTableViewController.swift */ = {isa = PBXFileReference; lastKnownFileType = sourcecode.swift; path = CategoryTableViewController.swift; sourceTree = "<group>"; };
		2A99BF9725669123008036BB /* MenuTableViewController.swift */ = {isa = PBXFileReference; lastKnownFileType = sourcecode.swift; path = MenuTableViewController.swift; sourceTree = "<group>"; };
		2A99BF9C25669150008036BB /* OrderTableViewController.swift */ = {isa = PBXFileReference; lastKnownFileType = sourcecode.swift; path = OrderTableViewController.swift; sourceTree = "<group>"; };
		2A99BFA62566B987008036BB /* MenuItem.swift */ = {isa = PBXFileReference; lastKnownFileType = sourcecode.swift; path = MenuItem.swift; sourceTree = "<group>"; };
		2A99BFAB25675A24008036BB /* IntermediaryModels.swift */ = {isa = PBXFileReference; lastKnownFileType = sourcecode.swift; path = IntermediaryModels.swift; sourceTree = "<group>"; };
		2A99BFB025675F13008036BB /* Order.swift */ = {isa = PBXFileReference; lastKnownFileType = sourcecode.swift; path = Order.swift; sourceTree = "<group>"; };
		2A99BFB525676388008036BB /* MenuController.swift */ = {isa = PBXFileReference; lastKnownFileType = sourcecode.swift; path = MenuController.swift; sourceTree = "<group>"; };
		4E972F0AE1C9DD5AE2306BEF /* Pods-5Restaurant-project-.debug.xcconfig */ = {isa = PBXFileReference; includeInIndex = 1; lastKnownFileType = text.xcconfig; name = "Pods-5Restaurant-project-.debug.xcconfig"; path = "Target Support Files/Pods-5Restaurant-project-/Pods-5Restaurant-project-.debug.xcconfig"; sourceTree = "<group>"; };
		5F62DCA731A84BC22BEBEA50 /* Pods_5Restaurant_project__5Restaurant_project_UITests.framework */ = {isa = PBXFileReference; explicitFileType = wrapper.framework; includeInIndex = 0; path = Pods_5Restaurant_project__5Restaurant_project_UITests.framework; sourceTree = BUILT_PRODUCTS_DIR; };
		66206886FE3BCAB400B33BCD /* Pods_5Restaurant_project_Tests.framework */ = {isa = PBXFileReference; explicitFileType = wrapper.framework; includeInIndex = 0; path = Pods_5Restaurant_project_Tests.framework; sourceTree = BUILT_PRODUCTS_DIR; };
		6D266CE82DA9DB5415CA99E1 /* Pods-5Restaurant-project-.release.xcconfig */ = {isa = PBXFileReference; includeInIndex = 1; lastKnownFileType = text.xcconfig; name = "Pods-5Restaurant-project-.release.xcconfig"; path = "Target Support Files/Pods-5Restaurant-project-/Pods-5Restaurant-project-.release.xcconfig"; sourceTree = "<group>"; };
		6ED027460859982F5FED2550 /* Pods-5Restaurant-project--5Restaurant-project-UITests.debug.xcconfig */ = {isa = PBXFileReference; includeInIndex = 1; lastKnownFileType = text.xcconfig; name = "Pods-5Restaurant-project--5Restaurant-project-UITests.debug.xcconfig"; path = "Target Support Files/Pods-5Restaurant-project--5Restaurant-project-UITests/Pods-5Restaurant-project--5Restaurant-project-UITests.debug.xcconfig"; sourceTree = "<group>"; };
		E0BB4B96F098A117A37C41B7 /* Pods_5Restaurant_project_.framework */ = {isa = PBXFileReference; explicitFileType = wrapper.framework; includeInIndex = 0; path = Pods_5Restaurant_project_.framework; sourceTree = BUILT_PRODUCTS_DIR; };
		F2EFD75E02DD7EDF829D7BCC /* Pods-5Restaurant-project-Tests.debug.xcconfig */ = {isa = PBXFileReference; includeInIndex = 1; lastKnownFileType = text.xcconfig; name = "Pods-5Restaurant-project-Tests.debug.xcconfig"; path = "Target Support Files/Pods-5Restaurant-project-Tests/Pods-5Restaurant-project-Tests.debug.xcconfig"; sourceTree = "<group>"; };
		F875B123AB41DAFA8B890F35 /* Pods-5Restaurant-project--5Restaurant-project-UITests.release.xcconfig */ = {isa = PBXFileReference; includeInIndex = 1; lastKnownFileType = text.xcconfig; name = "Pods-5Restaurant-project--5Restaurant-project-UITests.release.xcconfig"; path = "Target Support Files/Pods-5Restaurant-project--5Restaurant-project-UITests/Pods-5Restaurant-project--5Restaurant-project-UITests.release.xcconfig"; sourceTree = "<group>"; };
		FD9736F020864465CEA33193 /* Pods-5Restaurant-project-Tests.release.xcconfig */ = {isa = PBXFileReference; includeInIndex = 1; lastKnownFileType = text.xcconfig; name = "Pods-5Restaurant-project-Tests.release.xcconfig"; path = "Target Support Files/Pods-5Restaurant-project-Tests/Pods-5Restaurant-project-Tests.release.xcconfig"; sourceTree = "<group>"; };
/* End PBXFileReference section */

/* Begin PBXFrameworksBuildPhase section */
		2A99BF5925664F7B008036BB /* Frameworks */ = {
			isa = PBXFrameworksBuildPhase;
			buildActionMask = 2147483647;
			files = (
				5750229EFD8BE644BCDC2E27 /* Pods_5Restaurant_project_.framework in Frameworks */,
			);
			runOnlyForDeploymentPostprocessing = 0;
		};
		2A99BF6F25664F7D008036BB /* Frameworks */ = {
			isa = PBXFrameworksBuildPhase;
			buildActionMask = 2147483647;
			files = (
				08D4C3050A0E213D3BF7403E /* Pods_5Restaurant_project_Tests.framework in Frameworks */,
			);
			runOnlyForDeploymentPostprocessing = 0;
		};
		2A99BF7A25664F7D008036BB /* Frameworks */ = {
			isa = PBXFrameworksBuildPhase;
			buildActionMask = 2147483647;
			files = (
				4EFAFBF4CEAA92F1AC1633D7 /* Pods_5Restaurant_project__5Restaurant_project_UITests.framework in Frameworks */,
			);
			runOnlyForDeploymentPostprocessing = 0;
		};
/* End PBXFrameworksBuildPhase section */

/* Begin PBXGroup section */
		239A44389A46931CDB96EB8D /* Frameworks */ = {
			isa = PBXGroup;
			children = (
				E0BB4B96F098A117A37C41B7 /* Pods_5Restaurant_project_.framework */,
				5F62DCA731A84BC22BEBEA50 /* Pods_5Restaurant_project__5Restaurant_project_UITests.framework */,
				66206886FE3BCAB400B33BCD /* Pods_5Restaurant_project_Tests.framework */,
			);
			name = Frameworks;
			sourceTree = "<group>";
		};
		2A99BF5325664F7B008036BB = {
			isa = PBXGroup;
			children = (
				2A99BF5E25664F7B008036BB /* 5Restaurant-project- */,
				2A99BF7525664F7D008036BB /* 5Restaurant-project-Tests */,
				2A99BF8025664F7D008036BB /* 5Restaurant-project-UITests */,
				2A99BF5D25664F7B008036BB /* Products */,
				AE3F651465A5641613665A0F /* Pods */,
				239A44389A46931CDB96EB8D /* Frameworks */,
			);
			sourceTree = "<group>";
		};
		2A99BF5D25664F7B008036BB /* Products */ = {
			isa = PBXGroup;
			children = (
				2A99BF5C25664F7B008036BB /* 5Restaurant-project-.app */,
				2A99BF7225664F7D008036BB /* 5Restaurant-project-Tests.xctest */,
				2A99BF7D25664F7D008036BB /* 5Restaurant-project-UITests.xctest */,
			);
			name = Products;
			sourceTree = "<group>";
		};
		2A99BF5E25664F7B008036BB /* 5Restaurant-project- */ = {
			isa = PBXGroup;
			children = (
				2A99BF5F25664F7B008036BB /* AppDelegate.swift */,
				2A0E1BCF256FF94E00CC4A80 /* SceneDelegate.swift */,
				2A119980256CF275007D8DB9 /* MenuItemDetailViewController.swift */,
				2A119991256E5BC4007D8DB9 /* Main.storyboard */,
				2A1602572570D80F00A49EA6 /* OrderConfirmationViewController.swift */,
				2A99BF6325664F7B008036BB /* ViewController.swift */,
				2A99BFA62566B987008036BB /* MenuItem.swift */,
				2A99BFAB25675A24008036BB /* IntermediaryModels.swift */,
				2A99BF922566908B008036BB /* CategoryTableViewController.swift */,
				2A99BFB025675F13008036BB /* Order.swift */,
				2A99BFB525676388008036BB /* MenuController.swift */,
				2A99BF9725669123008036BB /* MenuTableViewController.swift */,
				2A99BF9C25669150008036BB /* OrderTableViewController.swift */,
				2A99BF6825664F7C008036BB /* Assets.xcassets */,
				2A99BF6A25664F7C008036BB /* LaunchScreen.storyboard */,
				2A99BF6D25664F7C008036BB /* Info.plist */,
			);
			path = "5Restaurant-project-";
			sourceTree = "<group>";
		};
		2A99BF7525664F7D008036BB /* 5Restaurant-project-Tests */ = {
			isa = PBXGroup;
			children = (
				2A99BF7625664F7D008036BB /* _Restaurant_project_Tests.swift */,
				2A99BF7825664F7D008036BB /* Info.plist */,
			);
			path = "5Restaurant-project-Tests";
			sourceTree = "<group>";
		};
		2A99BF8025664F7D008036BB /* 5Restaurant-project-UITests */ = {
			isa = PBXGroup;
			children = (
				2A99BF8125664F7D008036BB /* _Restaurant_project_UITests.swift */,
				2A99BF8325664F7D008036BB /* Info.plist */,
			);
			path = "5Restaurant-project-UITests";
			sourceTree = "<group>";
		};
		AE3F651465A5641613665A0F /* Pods */ = {
			isa = PBXGroup;
			children = (
				4E972F0AE1C9DD5AE2306BEF /* Pods-5Restaurant-project-.debug.xcconfig */,
				6D266CE82DA9DB5415CA99E1 /* Pods-5Restaurant-project-.release.xcconfig */,
				6ED027460859982F5FED2550 /* Pods-5Restaurant-project--5Restaurant-project-UITests.debug.xcconfig */,
				F875B123AB41DAFA8B890F35 /* Pods-5Restaurant-project--5Restaurant-project-UITests.release.xcconfig */,
				F2EFD75E02DD7EDF829D7BCC /* Pods-5Restaurant-project-Tests.debug.xcconfig */,
				FD9736F020864465CEA33193 /* Pods-5Restaurant-project-Tests.release.xcconfig */,
			);
			name = Pods;
			path = Pods;
			sourceTree = "<group>";
		};
/* End PBXGroup section */

/* Begin PBXNativeTarget section */
		2A99BF5B25664F7B008036BB /* 5Restaurant-project- */ = {
			isa = PBXNativeTarget;
			buildConfigurationList = 2A99BF8625664F7D008036BB /* Build configuration list for PBXNativeTarget "5Restaurant-project-" */;
			buildPhases = (
				EDC57229FFE1568D88EE825C /* [CP] Check Pods Manifest.lock */,
				2A99BF5825664F7B008036BB /* Sources */,
				2A99BF5925664F7B008036BB /* Frameworks */,
				2A99BF5A25664F7B008036BB /* Resources */,
			);
			buildRules = (
			);
			dependencies = (
			);
			name = "5Restaurant-project-";
			productName = "5Restaurant-project-";
			productReference = 2A99BF5C25664F7B008036BB /* 5Restaurant-project-.app */;
			productType = "com.apple.product-type.application";
		};
		2A99BF7125664F7D008036BB /* 5Restaurant-project-Tests */ = {
			isa = PBXNativeTarget;
			buildConfigurationList = 2A99BF8925664F7D008036BB /* Build configuration list for PBXNativeTarget "5Restaurant-project-Tests" */;
			buildPhases = (
				19973B2B1C604EDF2F9E01CF /* [CP] Check Pods Manifest.lock */,
				2A99BF6E25664F7D008036BB /* Sources */,
				2A99BF6F25664F7D008036BB /* Frameworks */,
				2A99BF7025664F7D008036BB /* Resources */,
			);
			buildRules = (
			);
			dependencies = (
				2A99BF7425664F7D008036BB /* PBXTargetDependency */,
			);
			name = "5Restaurant-project-Tests";
			productName = "5Restaurant-project-Tests";
			productReference = 2A99BF7225664F7D008036BB /* 5Restaurant-project-Tests.xctest */;
			productType = "com.apple.product-type.bundle.unit-test";
		};
		2A99BF7C25664F7D008036BB /* 5Restaurant-project-UITests */ = {
			isa = PBXNativeTarget;
			buildConfigurationList = 2A99BF8C25664F7D008036BB /* Build configuration list for PBXNativeTarget "5Restaurant-project-UITests" */;
			buildPhases = (
				9893D6514C98AACA34477AC3 /* [CP] Check Pods Manifest.lock */,
				2A99BF7925664F7D008036BB /* Sources */,
				2A99BF7A25664F7D008036BB /* Frameworks */,
				2A99BF7B25664F7D008036BB /* Resources */,
			);
			buildRules = (
			);
			dependencies = (
				2A99BF7F25664F7D008036BB /* PBXTargetDependency */,
			);
			name = "5Restaurant-project-UITests";
			productName = "5Restaurant-project-UITests";
			productReference = 2A99BF7D25664F7D008036BB /* 5Restaurant-project-UITests.xctest */;
			productType = "com.apple.product-type.bundle.ui-testing";
		};
/* End PBXNativeTarget section */

/* Begin PBXProject section */
		2A99BF5425664F7B008036BB /* Project object */ = {
			isa = PBXProject;
			attributes = {
				LastSwiftUpdateCheck = 1210;
				LastUpgradeCheck = 1210;
				TargetAttributes = {
					2A99BF5B25664F7B008036BB = {
						CreatedOnToolsVersion = 12.1;
					};
					2A99BF7125664F7D008036BB = {
						CreatedOnToolsVersion = 12.1;
						TestTargetID = 2A99BF5B25664F7B008036BB;
					};
					2A99BF7C25664F7D008036BB = {
						CreatedOnToolsVersion = 12.1;
						TestTargetID = 2A99BF5B25664F7B008036BB;
					};
				};
			};
			buildConfigurationList = 2A99BF5725664F7B008036BB /* Build configuration list for PBXProject "5Restaurant-project-" */;
			compatibilityVersion = "Xcode 9.3";
			developmentRegion = en;
			hasScannedForEncodings = 0;
			knownRegions = (
				en,
				Base,
			);
			mainGroup = 2A99BF5325664F7B008036BB;
			productRefGroup = 2A99BF5D25664F7B008036BB /* Products */;
			projectDirPath = "";
			projectRoot = "";
			targets = (
				2A99BF5B25664F7B008036BB /* 5Restaurant-project- */,
				2A99BF7125664F7D008036BB /* 5Restaurant-project-Tests */,
				2A99BF7C25664F7D008036BB /* 5Restaurant-project-UITests */,
			);
		};
/* End PBXProject section */

/* Begin PBXResourcesBuildPhase section */
		2A99BF5A25664F7B008036BB /* Resources */ = {
			isa = PBXResourcesBuildPhase;
			buildActionMask = 2147483647;
			files = (
				2A119992256E5BC4007D8DB9 /* Main.storyboard in Resources */,
				2A99BF6C25664F7C008036BB /* LaunchScreen.storyboard in Resources */,
				2A99BF6925664F7C008036BB /* Assets.xcassets in Resources */,
			);
			runOnlyForDeploymentPostprocessing = 0;
		};
		2A99BF7025664F7D008036BB /* Resources */ = {
			isa = PBXResourcesBuildPhase;
			buildActionMask = 2147483647;
			files = (
			);
			runOnlyForDeploymentPostprocessing = 0;
		};
		2A99BF7B25664F7D008036BB /* Resources */ = {
			isa = PBXResourcesBuildPhase;
			buildActionMask = 2147483647;
			files = (
			);
			runOnlyForDeploymentPostprocessing = 0;
		};
/* End PBXResourcesBuildPhase section */

/* Begin PBXShellScriptBuildPhase section */
		19973B2B1C604EDF2F9E01CF /* [CP] Check Pods Manifest.lock */ = {
			isa = PBXShellScriptBuildPhase;
			buildActionMask = 2147483647;
			files = (
			);
			inputFileListPaths = (
			);
			inputPaths = (
				"${PODS_PODFILE_DIR_PATH}/Podfile.lock",
				"${PODS_ROOT}/Manifest.lock",
			);
			name = "[CP] Check Pods Manifest.lock";
			outputFileListPaths = (
			);
			outputPaths = (
				"$(DERIVED_FILE_DIR)/Pods-5Restaurant-project-Tests-checkManifestLockResult.txt",
			);
			runOnlyForDeploymentPostprocessing = 0;
			shellPath = /bin/sh;
			shellScript = "diff \"${PODS_PODFILE_DIR_PATH}/Podfile.lock\" \"${PODS_ROOT}/Manifest.lock\" > /dev/null\nif [ $? != 0 ] ; then\n    # print error to STDERR\n    echo \"error: The sandbox is not in sync with the Podfile.lock. Run 'pod install' or update your CocoaPods installation.\" >&2\n    exit 1\nfi\n# This output is used by Xcode 'outputs' to avoid re-running this script phase.\necho \"SUCCESS\" > \"${SCRIPT_OUTPUT_FILE_0}\"\n";
			showEnvVarsInLog = 0;
		};
		9893D6514C98AACA34477AC3 /* [CP] Check Pods Manifest.lock */ = {
			isa = PBXShellScriptBuildPhase;
			buildActionMask = 2147483647;
			files = (
			);
			inputFileListPaths = (
			);
			inputPaths = (
				"${PODS_PODFILE_DIR_PATH}/Podfile.lock",
				"${PODS_ROOT}/Manifest.lock",
			);
			name = "[CP] Check Pods Manifest.lock";
			outputFileListPaths = (
			);
			outputPaths = (
				"$(DERIVED_FILE_DIR)/Pods-5Restaurant-project--5Restaurant-project-UITests-checkManifestLockResult.txt",
			);
			runOnlyForDeploymentPostprocessing = 0;
			shellPath = /bin/sh;
			shellScript = "diff \"${PODS_PODFILE_DIR_PATH}/Podfile.lock\" \"${PODS_ROOT}/Manifest.lock\" > /dev/null\nif [ $? != 0 ] ; then\n    # print error to STDERR\n    echo \"error: The sandbox is not in sync with the Podfile.lock. Run 'pod install' or update your CocoaPods installation.\" >&2\n    exit 1\nfi\n# This output is used by Xcode 'outputs' to avoid re-running this script phase.\necho \"SUCCESS\" > \"${SCRIPT_OUTPUT_FILE_0}\"\n";
			showEnvVarsInLog = 0;
		};
		EDC57229FFE1568D88EE825C /* [CP] Check Pods Manifest.lock */ = {
			isa = PBXShellScriptBuildPhase;
			buildActionMask = 2147483647;
			files = (
			);
			inputFileListPaths = (
			);
			inputPaths = (
				"${PODS_PODFILE_DIR_PATH}/Podfile.lock",
				"${PODS_ROOT}/Manifest.lock",
			);
			name = "[CP] Check Pods Manifest.lock";
			outputFileListPaths = (
			);
			outputPaths = (
				"$(DERIVED_FILE_DIR)/Pods-5Restaurant-project--checkManifestLockResult.txt",
			);
			runOnlyForDeploymentPostprocessing = 0;
			shellPath = /bin/sh;
			shellScript = "diff \"${PODS_PODFILE_DIR_PATH}/Podfile.lock\" \"${PODS_ROOT}/Manifest.lock\" > /dev/null\nif [ $? != 0 ] ; then\n    # print error to STDERR\n    echo \"error: The sandbox is not in sync with the Podfile.lock. Run 'pod install' or update your CocoaPods installation.\" >&2\n    exit 1\nfi\n# This output is used by Xcode 'outputs' to avoid re-running this script phase.\necho \"SUCCESS\" > \"${SCRIPT_OUTPUT_FILE_0}\"\n";
			showEnvVarsInLog = 0;
		};
/* End PBXShellScriptBuildPhase section */

/* Begin PBXSourcesBuildPhase section */
		2A99BF5825664F7B008036BB /* Sources */ = {
			isa = PBXSourcesBuildPhase;
			buildActionMask = 2147483647;
			files = (
				2A99BF6425664F7B008036BB /* ViewController.swift in Sources */,
				2A99BF6025664F7B008036BB /* AppDelegate.swift in Sources */,
				2A99BFB125675F13008036BB /* Order.swift in Sources */,
				2A99BF9825669123008036BB /* MenuTableViewController.swift in Sources */,
				2A99BFB625676388008036BB /* MenuController.swift in Sources */,
				2A119981256CF275007D8DB9 /* MenuItemDetailViewController.swift in Sources */,
				2A99BFAC25675A24008036BB /* IntermediaryModels.swift in Sources */,
				2A0E1BD0256FF94E00CC4A80 /* SceneDelegate.swift in Sources */,
				2A1602582570D80F00A49EA6 /* OrderConfirmationViewController.swift in Sources */,
				2A99BFA72566B987008036BB /* MenuItem.swift in Sources */,
				2A99BF9D25669150008036BB /* OrderTableViewController.swift in Sources */,
				2A99BF932566908B008036BB /* CategoryTableViewController.swift in Sources */,
			);
			runOnlyForDeploymentPostprocessing = 0;
		};
		2A99BF6E25664F7D008036BB /* Sources */ = {
			isa = PBXSourcesBuildPhase;
			buildActionMask = 2147483647;
			files = (
				2A99BF7725664F7D008036BB /* _Restaurant_project_Tests.swift in Sources */,
			);
			runOnlyForDeploymentPostprocessing = 0;
		};
		2A99BF7925664F7D008036BB /* Sources */ = {
			isa = PBXSourcesBuildPhase;
			buildActionMask = 2147483647;
			files = (
				2A99BF8225664F7D008036BB /* _Restaurant_project_UITests.swift in Sources */,
			);
			runOnlyForDeploymentPostprocessing = 0;
		};
/* End PBXSourcesBuildPhase section */

/* Begin PBXTargetDependency section */
		2A99BF7425664F7D008036BB /* PBXTargetDependency */ = {
			isa = PBXTargetDependency;
			target = 2A99BF5B25664F7B008036BB /* 5Restaurant-project- */;
			targetProxy = 2A99BF7325664F7D008036BB /* PBXContainerItemProxy */;
		};
		2A99BF7F25664F7D008036BB /* PBXTargetDependency */ = {
			isa = PBXTargetDependency;
			target = 2A99BF5B25664F7B008036BB /* 5Restaurant-project- */;
			targetProxy = 2A99BF7E25664F7D008036BB /* PBXContainerItemProxy */;
		};
/* End PBXTargetDependency section */

/* Begin PBXVariantGroup section */
		2A99BF6A25664F7C008036BB /* LaunchScreen.storyboard */ = {
			isa = PBXVariantGroup;
			children = (
				2A99BF6B25664F7C008036BB /* Base */,
			);
			name = LaunchScreen.storyboard;
			sourceTree = "<group>";
		};
/* End PBXVariantGroup section */

/* Begin XCBuildConfiguration section */
		2A99BF8425664F7D008036BB /* Debug */ = {
			isa = XCBuildConfiguration;
			buildSettings = {
				ALWAYS_SEARCH_USER_PATHS = NO;
				CLANG_ANALYZER_NONNULL = YES;
				CLANG_ANALYZER_NUMBER_OBJECT_CONVERSION = YES_AGGRESSIVE;
				CLANG_CXX_LANGUAGE_STANDARD = "gnu++14";
				CLANG_CXX_LIBRARY = "libc++";
				CLANG_ENABLE_MODULES = YES;
				CLANG_ENABLE_OBJC_ARC = YES;
				CLANG_ENABLE_OBJC_WEAK = YES;
				CLANG_WARN_BLOCK_CAPTURE_AUTORELEASING = YES;
				CLANG_WARN_BOOL_CONVERSION = YES;
				CLANG_WARN_COMMA = YES;
				CLANG_WARN_CONSTANT_CONVERSION = YES;
				CLANG_WARN_DEPRECATED_OBJC_IMPLEMENTATIONS = YES;
				CLANG_WARN_DIRECT_OBJC_ISA_USAGE = YES_ERROR;
				CLANG_WARN_DOCUMENTATION_COMMENTS = YES;
				CLANG_WARN_EMPTY_BODY = YES;
				CLANG_WARN_ENUM_CONVERSION = YES;
				CLANG_WARN_INFINITE_RECURSION = YES;
				CLANG_WARN_INT_CONVERSION = YES;
				CLANG_WARN_NON_LITERAL_NULL_CONVERSION = YES;
				CLANG_WARN_OBJC_IMPLICIT_RETAIN_SELF = YES;
				CLANG_WARN_OBJC_LITERAL_CONVERSION = YES;
				CLANG_WARN_OBJC_ROOT_CLASS = YES_ERROR;
				CLANG_WARN_QUOTED_INCLUDE_IN_FRAMEWORK_HEADER = YES;
				CLANG_WARN_RANGE_LOOP_ANALYSIS = YES;
				CLANG_WARN_STRICT_PROTOTYPES = YES;
				CLANG_WARN_SUSPICIOUS_MOVE = YES;
				CLANG_WARN_UNGUARDED_AVAILABILITY = YES_AGGRESSIVE;
				CLANG_WARN_UNREACHABLE_CODE = YES;
				CLANG_WARN__DUPLICATE_METHOD_MATCH = YES;
				COPY_PHASE_STRIP = NO;
				DEBUG_INFORMATION_FORMAT = dwarf;
				ENABLE_STRICT_OBJC_MSGSEND = YES;
				ENABLE_TESTABILITY = YES;
				GCC_C_LANGUAGE_STANDARD = gnu11;
				GCC_DYNAMIC_NO_PIC = NO;
				GCC_NO_COMMON_BLOCKS = YES;
				GCC_OPTIMIZATION_LEVEL = 0;
				GCC_PREPROCESSOR_DEFINITIONS = (
					"DEBUG=1",
					"$(inherited)",
				);
				GCC_WARN_64_TO_32_BIT_CONVERSION = YES;
				GCC_WARN_ABOUT_RETURN_TYPE = YES_ERROR;
				GCC_WARN_UNDECLARED_SELECTOR = YES;
				GCC_WARN_UNINITIALIZED_AUTOS = YES_AGGRESSIVE;
				GCC_WARN_UNUSED_FUNCTION = YES;
				GCC_WARN_UNUSED_VARIABLE = YES;
				IPHONEOS_DEPLOYMENT_TARGET = 14.1;
				MTL_ENABLE_DEBUG_INFO = INCLUDE_SOURCE;
				MTL_FAST_MATH = YES;
				ONLY_ACTIVE_ARCH = YES;
				SDKROOT = iphoneos;
				SWIFT_ACTIVE_COMPILATION_CONDITIONS = DEBUG;
				SWIFT_OPTIMIZATION_LEVEL = "-Onone";
			};
			name = Debug;
		};
		2A99BF8525664F7D008036BB /* Release */ = {
			isa = XCBuildConfiguration;
			buildSettings = {
				ALWAYS_SEARCH_USER_PATHS = NO;
				CLANG_ANALYZER_NONNULL = YES;
				CLANG_ANALYZER_NUMBER_OBJECT_CONVERSION = YES_AGGRESSIVE;
				CLANG_CXX_LANGUAGE_STANDARD = "gnu++14";
				CLANG_CXX_LIBRARY = "libc++";
				CLANG_ENABLE_MODULES = YES;
				CLANG_ENABLE_OBJC_ARC = YES;
				CLANG_ENABLE_OBJC_WEAK = YES;
				CLANG_WARN_BLOCK_CAPTURE_AUTORELEASING = YES;
				CLANG_WARN_BOOL_CONVERSION = YES;
				CLANG_WARN_COMMA = YES;
				CLANG_WARN_CONSTANT_CONVERSION = YES;
				CLANG_WARN_DEPRECATED_OBJC_IMPLEMENTATIONS = YES;
				CLANG_WARN_DIRECT_OBJC_ISA_USAGE = YES_ERROR;
				CLANG_WARN_DOCUMENTATION_COMMENTS = YES;
				CLANG_WARN_EMPTY_BODY = YES;
				CLANG_WARN_ENUM_CONVERSION = YES;
				CLANG_WARN_INFINITE_RECURSION = YES;
				CLANG_WARN_INT_CONVERSION = YES;
				CLANG_WARN_NON_LITERAL_NULL_CONVERSION = YES;
				CLANG_WARN_OBJC_IMPLICIT_RETAIN_SELF = YES;
				CLANG_WARN_OBJC_LITERAL_CONVERSION = YES;
				CLANG_WARN_OBJC_ROOT_CLASS = YES_ERROR;
				CLANG_WARN_QUOTED_INCLUDE_IN_FRAMEWORK_HEADER = YES;
				CLANG_WARN_RANGE_LOOP_ANALYSIS = YES;
				CLANG_WARN_STRICT_PROTOTYPES = YES;
				CLANG_WARN_SUSPICIOUS_MOVE = YES;
				CLANG_WARN_UNGUARDED_AVAILABILITY = YES_AGGRESSIVE;
				CLANG_WARN_UNREACHABLE_CODE = YES;
				CLANG_WARN__DUPLICATE_METHOD_MATCH = YES;
				COPY_PHASE_STRIP = NO;
				DEBUG_INFORMATION_FORMAT = "dwarf-with-dsym";
				ENABLE_NS_ASSERTIONS = NO;
				ENABLE_STRICT_OBJC_MSGSEND = YES;
				GCC_C_LANGUAGE_STANDARD = gnu11;
				GCC_NO_COMMON_BLOCKS = YES;
				GCC_WARN_64_TO_32_BIT_CONVERSION = YES;
				GCC_WARN_ABOUT_RETURN_TYPE = YES_ERROR;
				GCC_WARN_UNDECLARED_SELECTOR = YES;
				GCC_WARN_UNINITIALIZED_AUTOS = YES_AGGRESSIVE;
				GCC_WARN_UNUSED_FUNCTION = YES;
				GCC_WARN_UNUSED_VARIABLE = YES;
				IPHONEOS_DEPLOYMENT_TARGET = 14.1;
				MTL_ENABLE_DEBUG_INFO = NO;
				MTL_FAST_MATH = YES;
				SDKROOT = iphoneos;
				SWIFT_COMPILATION_MODE = wholemodule;
				SWIFT_OPTIMIZATION_LEVEL = "-O";
				VALIDATE_PRODUCT = YES;
			};
			name = Release;
		};
		2A99BF8725664F7D008036BB /* Debug */ = {
			isa = XCBuildConfiguration;
			baseConfigurationReference = 4E972F0AE1C9DD5AE2306BEF /* Pods-5Restaurant-project-.debug.xcconfig */;
			buildSettings = {
				ASSETCATALOG_COMPILER_APPICON_NAME = AppIcon;
				ASSETCATALOG_COMPILER_GLOBAL_ACCENT_COLOR_NAME = AccentColor;
				CODE_SIGN_STYLE = Automatic;
				DEVELOPMENT_TEAM = 74DA9KB98N;
				INFOPLIST_FILE = "5Restaurant-project-/Info.plist";
				LD_RUNPATH_SEARCH_PATHS = (
					"$(inherited)",
					"@executable_path/Frameworks",
				);
				PRODUCT_BUNDLE_IDENTIFIER = "com.sophiekim.-Restaurant-project-";
				PRODUCT_NAME = "$(TARGET_NAME)";
				SWIFT_VERSION = 5.0;
				TARGETED_DEVICE_FAMILY = "1,2";
			};
			name = Debug;
		};
		2A99BF8825664F7D008036BB /* Release */ = {
			isa = XCBuildConfiguration;
			baseConfigurationReference = 6D266CE82DA9DB5415CA99E1 /* Pods-5Restaurant-project-.release.xcconfig */;
			buildSettings = {
				ASSETCATALOG_COMPILER_APPICON_NAME = AppIcon;
				ASSETCATALOG_COMPILER_GLOBAL_ACCENT_COLOR_NAME = AccentColor;
				CODE_SIGN_STYLE = Automatic;
				DEVELOPMENT_TEAM = 74DA9KB98N;
				INFOPLIST_FILE = "5Restaurant-project-/Info.plist";
				LD_RUNPATH_SEARCH_PATHS = (
					"$(inherited)",
					"@executable_path/Frameworks",
				);
				PRODUCT_BUNDLE_IDENTIFIER = "com.sophiekim.-Restaurant-project-";
				PRODUCT_NAME = "$(TARGET_NAME)";
				SWIFT_VERSION = 5.0;
				TARGETED_DEVICE_FAMILY = "1,2";
			};
			name = Release;
		};
		2A99BF8A25664F7D008036BB /* Debug */ = {
			isa = XCBuildConfiguration;
			baseConfigurationReference = F2EFD75E02DD7EDF829D7BCC /* Pods-5Restaurant-project-Tests.debug.xcconfig */;
			buildSettings = {
				ALWAYS_EMBED_SWIFT_STANDARD_LIBRARIES = YES;
				BUNDLE_LOADER = "$(TEST_HOST)";
				CODE_SIGN_STYLE = Automatic;
				DEVELOPMENT_TEAM = 74DA9KB98N;
				INFOPLIST_FILE = "5Restaurant-project-Tests/Info.plist";
				IPHONEOS_DEPLOYMENT_TARGET = 14.1;
				LD_RUNPATH_SEARCH_PATHS = (
					"$(inherited)",
					"@executable_path/Frameworks",
					"@loader_path/Frameworks",
				);
				PRODUCT_BUNDLE_IDENTIFIER = "com.sophiekim.-Restaurant-project-Tests";
				PRODUCT_NAME = "$(TARGET_NAME)";
				SWIFT_VERSION = 5.0;
				TARGETED_DEVICE_FAMILY = "1,2";
				TEST_HOST = "$(BUILT_PRODUCTS_DIR)/5Restaurant-project-.app/5Restaurant-project-";
			};
			name = Debug;
		};
		2A99BF8B25664F7D008036BB /* Release */ = {
			isa = XCBuildConfiguration;
			baseConfigurationReference = FD9736F020864465CEA33193 /* Pods-5Restaurant-project-Tests.release.xcconfig */;
			buildSettings = {
				ALWAYS_EMBED_SWIFT_STANDARD_LIBRARIES = YES;
				BUNDLE_LOADER = "$(TEST_HOST)";
				CODE_SIGN_STYLE = Automatic;
				DEVELOPMENT_TEAM = 74DA9KB98N;
				INFOPLIST_FILE = "5Restaurant-project-Tests/Info.plist";
				IPHONEOS_DEPLOYMENT_TARGET = 14.1;
				LD_RUNPATH_SEARCH_PATHS = (
					"$(inherited)",
					"@executable_path/Frameworks",
					"@loader_path/Frameworks",
				);
				PRODUCT_BUNDLE_IDENTIFIER = "com.sophiekim.-Restaurant-project-Tests";
				PRODUCT_NAME = "$(TARGET_NAME)";
				SWIFT_VERSION = 5.0;
				TARGETED_DEVICE_FAMILY = "1,2";
				TEST_HOST = "$(BUILT_PRODUCTS_DIR)/5Restaurant-project-.app/5Restaurant-project-";
			};
			name = Release;
		};
		2A99BF8D25664F7D008036BB /* Debug */ = {
			isa = XCBuildConfiguration;
			baseConfigurationReference = 6ED027460859982F5FED2550 /* Pods-5Restaurant-project--5Restaurant-project-UITests.debug.xcconfig */;
			buildSettings = {
				ALWAYS_EMBED_SWIFT_STANDARD_LIBRARIES = YES;
				CODE_SIGN_STYLE = Automatic;
				DEVELOPMENT_TEAM = 74DA9KB98N;
				INFOPLIST_FILE = "5Restaurant-project-UITests/Info.plist";
				LD_RUNPATH_SEARCH_PATHS = (
					"$(inherited)",
					"@executable_path/Frameworks",
					"@loader_path/Frameworks",
				);
				PRODUCT_BUNDLE_IDENTIFIER = "com.sophiekim.-Restaurant-project-UITests";
				PRODUCT_NAME = "$(TARGET_NAME)";
				SWIFT_VERSION = 5.0;
				TARGETED_DEVICE_FAMILY = "1,2";
				TEST_TARGET_NAME = "5Restaurant-project-";
			};
			name = Debug;
		};
		2A99BF8E25664F7D008036BB /* Release */ = {
			isa = XCBuildConfiguration;
			baseConfigurationReference = F875B123AB41DAFA8B890F35 /* Pods-5Restaurant-project--5Restaurant-project-UITests.release.xcconfig */;
			buildSettings = {
				ALWAYS_EMBED_SWIFT_STANDARD_LIBRARIES = YES;
				CODE_SIGN_STYLE = Automatic;
				DEVELOPMENT_TEAM = 74DA9KB98N;
				INFOPLIST_FILE = "5Restaurant-project-UITests/Info.plist";
				LD_RUNPATH_SEARCH_PATHS = (
					"$(inherited)",
					"@executable_path/Frameworks",
					"@loader_path/Frameworks",
				);
				PRODUCT_BUNDLE_IDENTIFIER = "com.sophiekim.-Restaurant-project-UITests";
				PRODUCT_NAME = "$(TARGET_NAME)";
				SWIFT_VERSION = 5.0;
				TARGETED_DEVICE_FAMILY = "1,2";
				TEST_TARGET_NAME = "5Restaurant-project-";
			};
			name = Release;
		};
/* End XCBuildConfiguration section */

/* Begin XCConfigurationList section */
		2A99BF5725664F7B008036BB /* Build configuration list for PBXProject "5Restaurant-project-" */ = {
			isa = XCConfigurationList;
			buildConfigurations = (
				2A99BF8425664F7D008036BB /* Debug */,
				2A99BF8525664F7D008036BB /* Release */,
			);
			defaultConfigurationIsVisible = 0;
			defaultConfigurationName = Release;
		};
		2A99BF8625664F7D008036BB /* Build configuration list for PBXNativeTarget "5Restaurant-project-" */ = {
			isa = XCConfigurationList;
			buildConfigurations = (
				2A99BF8725664F7D008036BB /* Debug */,
				2A99BF8825664F7D008036BB /* Release */,
			);
			defaultConfigurationIsVisible = 0;
			defaultConfigurationName = Release;
		};
		2A99BF8925664F7D008036BB /* Build configuration list for PBXNativeTarget "5Restaurant-project-Tests" */ = {
			isa = XCConfigurationList;
			buildConfigurations = (
				2A99BF8A25664F7D008036BB /* Debug */,
				2A99BF8B25664F7D008036BB /* Release */,
			);
			defaultConfigurationIsVisible = 0;
			defaultConfigurationName = Release;
		};
		2A99BF8C25664F7D008036BB /* Build configuration list for PBXNativeTarget "5Restaurant-project-UITests" */ = {
			isa = XCConfigurationList;
			buildConfigurations = (
				2A99BF8D25664F7D008036BB /* Debug */,
				2A99BF8E25664F7D008036BB /* Release */,
			);
			defaultConfigurationIsVisible = 0;
			defaultConfigurationName = Release;
		};
/* End XCConfigurationList section */
	};
	rootObject = 2A99BF5425664F7B008036BB /* Project object */;
}
